
Microsoft Visual Studio Solution File, Format Version 12.00
# Visual Studio 15
VisualStudioVersion = 15.0.28307.572
MinimumVisualStudioVersion = 10.0.40219.1
Project("{888888A0-9F3D-457C-B088-3A5042F75D52}") = "PythonApplication98", "PythonApplication98\PythonApplication98.pyproj", "{E3130415-7C2D-4E2B-BE15-3F1F888AC2FF}"
EndProject
Global
	GlobalSection(SolutionConfigurationPlatforms) = preSolution
		Debug|Any CPU = Debug|Any CPU
		Release|Any CPU = Release|Any CPU
	EndGlobalSection
	GlobalSection(ProjectConfigurationPlatforms) = postSolution
		{E3130415-7C2D-4E2B-BE15-3F1F888AC2FF}.Debug|Any CPU.ActiveCfg = Debug|Any CPU
		{E3130415-7C2D-4E2B-BE15-3F1F888AC2FF}.Release|Any CPU.ActiveCfg = Release|Any CPU
	EndGlobalSection
	GlobalSection(SolutionProperties) = preSolution
		HideSolutionNode = FALSE
	EndGlobalSection
	GlobalSection(ExtensibilityGlobals) = postSolution
		SolutionGuid = {4645C954-5870-4D16-BC26-A12E468C6B18}
	EndGlobalSection
EndGlobal
