
Microsoft Visual Studio Solution File, Format Version 12.00
# Visual Studio 15
VisualStudioVersion = 15.0.28307.271
MinimumVisualStudioVersion = 10.0.40219.1
Project("{888888A0-9F3D-457C-B088-3A5042F75D52}") = "PythonApplication21", "PythonApplication21\PythonApplication21.pyproj", "{68F600B0-E9A8-49D4-9BEF-C6BE710CCE33}"
EndProject
Global
	GlobalSection(SolutionConfigurationPlatforms) = preSolution
		Debug|Any CPU = Debug|Any CPU
		Release|Any CPU = Release|Any CPU
	EndGlobalSection
	GlobalSection(ProjectConfigurationPlatforms) = postSolution
		{68F600B0-E9A8-49D4-9BEF-C6BE710CCE33}.Debug|Any CPU.ActiveCfg = Debug|Any CPU
		{68F600B0-E9A8-49D4-9BEF-C6BE710CCE33}.Release|Any CPU.ActiveCfg = Release|Any CPU
	EndGlobalSection
	GlobalSection(SolutionProperties) = preSolution
		HideSolutionNode = FALSE
	EndGlobalSection
	GlobalSection(ExtensibilityGlobals) = postSolution
		SolutionGuid = {11EAD3BE-1622-4B20-B20B-CE371C86C671}
	EndGlobalSection
EndGlobal
