
Microsoft Visual Studio Solution File, Format Version 12.00
# Visual Studio 15
VisualStudioVersion = 15.0.28307.329
MinimumVisualStudioVersion = 10.0.40219.1
Project("{888888A0-9F3D-457C-B088-3A5042F75D52}") = "PythonApplication45", "PythonApplication45\PythonApplication45.pyproj", "{C5AA5DE2-462D-47A9-AB54-54CC51156F4D}"
EndProject
Global
	GlobalSection(SolutionConfigurationPlatforms) = preSolution
		Debug|Any CPU = Debug|Any CPU
		Release|Any CPU = Release|Any CPU
	EndGlobalSection
	GlobalSection(ProjectConfigurationPlatforms) = postSolution
		{C5AA5DE2-462D-47A9-AB54-54CC51156F4D}.Debug|Any CPU.ActiveCfg = Debug|Any CPU
		{C5AA5DE2-462D-47A9-AB54-54CC51156F4D}.Release|Any CPU.ActiveCfg = Release|Any CPU
	EndGlobalSection
	GlobalSection(SolutionProperties) = preSolution
		HideSolutionNode = FALSE
	EndGlobalSection
	GlobalSection(ExtensibilityGlobals) = postSolution
		SolutionGuid = {B4E50250-2445-4037-BED2-881368727D24}
	EndGlobalSection
EndGlobal
