
Microsoft Visual Studio Solution File, Format Version 12.00
# Visual Studio 15
VisualStudioVersion = 15.0.28307.705
MinimumVisualStudioVersion = 10.0.40219.1
Project("{888888A0-9F3D-457C-B088-3A5042F75D52}") = "数据库的插入操作", "数据库的插入操作\数据库的插入操作.pyproj", "{209C2040-D35E-468F-983B-7D7EDA8CCEC5}"
EndProject
Global
	GlobalSection(SolutionConfigurationPlatforms) = preSolution
		Debug|Any CPU = Debug|Any CPU
		Release|Any CPU = Release|Any CPU
	EndGlobalSection
	GlobalSection(ProjectConfigurationPlatforms) = postSolution
		{209C2040-D35E-468F-983B-7D7EDA8CCEC5}.Debug|Any CPU.ActiveCfg = Debug|Any CPU
		{209C2040-D35E-468F-983B-7D7EDA8CCEC5}.Release|Any CPU.ActiveCfg = Release|Any CPU
	EndGlobalSection
	GlobalSection(SolutionProperties) = preSolution
		HideSolutionNode = FALSE
	EndGlobalSection
	GlobalSection(ExtensibilityGlobals) = postSolution
		SolutionGuid = {472EFDDB-865C-4EC4-9E47-10ED43973248}
	EndGlobalSection
EndGlobal
