
Microsoft Visual Studio Solution File, Format Version 12.00
# Visual Studio 15
VisualStudioVersion = 15.0.28307.705
MinimumVisualStudioVersion = 10.0.40219.1
Project("{888888A0-9F3D-457C-B088-3A5042F75D52}") = "wine_quality,py", "wine_quality,py\wine_quality,py.pyproj", "{FBC3E146-0F8E-4AB5-925C-64FA7A51572F}"
EndProject
Global
	GlobalSection(SolutionConfigurationPlatforms) = preSolution
		Debug|Any CPU = Debug|Any CPU
		Release|Any CPU = Release|Any CPU
	EndGlobalSection
	GlobalSection(ProjectConfigurationPlatforms) = postSolution
		{FBC3E146-0F8E-4AB5-925C-64FA7A51572F}.Debug|Any CPU.ActiveCfg = Debug|Any CPU
		{FBC3E146-0F8E-4AB5-925C-64FA7A51572F}.Release|Any CPU.ActiveCfg = Release|Any CPU
	EndGlobalSection
	GlobalSection(SolutionProperties) = preSolution
		HideSolutionNode = FALSE
	EndGlobalSection
	GlobalSection(ExtensibilityGlobals) = postSolution
		SolutionGuid = {9D560C13-F3CD-4A70-A9BF-94092CF75E4D}
	EndGlobalSection
EndGlobal
