
Microsoft Visual Studio Solution File, Format Version 12.00
# Visual Studio 15
VisualStudioVersion = 15.0.28307.329
MinimumVisualStudioVersion = 10.0.40219.1
Project("{888888A0-9F3D-457C-B088-3A5042F75D52}") = "PythonApplication55", "PythonApplication55\PythonApplication55.pyproj", "{CEBCB04E-3A7B-4833-A6EF-2CE5A2855D30}"
EndProject
Global
	GlobalSection(SolutionConfigurationPlatforms) = preSolution
		Debug|Any CPU = Debug|Any CPU
		Release|Any CPU = Release|Any CPU
	EndGlobalSection
	GlobalSection(ProjectConfigurationPlatforms) = postSolution
		{CEBCB04E-3A7B-4833-A6EF-2CE5A2855D30}.Debug|Any CPU.ActiveCfg = Debug|Any CPU
		{CEBCB04E-3A7B-4833-A6EF-2CE5A2855D30}.Release|Any CPU.ActiveCfg = Release|Any CPU
	EndGlobalSection
	GlobalSection(SolutionProperties) = preSolution
		HideSolutionNode = FALSE
	EndGlobalSection
	GlobalSection(ExtensibilityGlobals) = postSolution
		SolutionGuid = {111968EF-45DD-4CB8-87EF-5D867634AC9A}
	EndGlobalSection
EndGlobal
