
Microsoft Visual Studio Solution File, Format Version 12.00
# Visual Studio 15
VisualStudioVersion = 15.0.28307.421
MinimumVisualStudioVersion = 10.0.40219.1
Project("{888888A0-9F3D-457C-B088-3A5042F75D52}") = "PythonApplication76", "PythonApplication76\PythonApplication76.pyproj", "{ECECF18E-FC80-4664-8023-E06070D11E09}"
EndProject
Global
	GlobalSection(SolutionConfigurationPlatforms) = preSolution
		Debug|Any CPU = Debug|Any CPU
		Release|Any CPU = Release|Any CPU
	EndGlobalSection
	GlobalSection(ProjectConfigurationPlatforms) = postSolution
		{ECECF18E-FC80-4664-8023-E06070D11E09}.Debug|Any CPU.ActiveCfg = Debug|Any CPU
		{ECECF18E-FC80-4664-8023-E06070D11E09}.Release|Any CPU.ActiveCfg = Release|Any CPU
	EndGlobalSection
	GlobalSection(SolutionProperties) = preSolution
		HideSolutionNode = FALSE
	EndGlobalSection
	GlobalSection(ExtensibilityGlobals) = postSolution
		SolutionGuid = {2567C92B-8AF9-4D6C-AF0F-1A28151E523E}
	EndGlobalSection
EndGlobal
