
Microsoft Visual Studio Solution File, Format Version 12.00
# Visual Studio 15
VisualStudioVersion = 15.0.28307.645
MinimumVisualStudioVersion = 10.0.40219.1
Project("{888888A0-9F3D-457C-B088-3A5042F75D52}") = "Python连接MySQL", "Python连接MySQL\Python连接MySQL.pyproj", "{5673DC64-337E-432C-8A21-13BE53B92A49}"
EndProject
Global
	GlobalSection(SolutionConfigurationPlatforms) = preSolution
		Debug|Any CPU = Debug|Any CPU
		Release|Any CPU = Release|Any CPU
	EndGlobalSection
	GlobalSection(ProjectConfigurationPlatforms) = postSolution
		{5673DC64-337E-432C-8A21-13BE53B92A49}.Debug|Any CPU.ActiveCfg = Debug|Any CPU
		{5673DC64-337E-432C-8A21-13BE53B92A49}.Release|Any CPU.ActiveCfg = Release|Any CPU
	EndGlobalSection
	GlobalSection(SolutionProperties) = preSolution
		HideSolutionNode = FALSE
	EndGlobalSection
	GlobalSection(ExtensibilityGlobals) = postSolution
		SolutionGuid = {424893AA-2B22-4189-94C5-4AEF5A424247}
	EndGlobalSection
EndGlobal
