
Microsoft Visual Studio Solution File, Format Version 12.00
# Visual Studio 15
VisualStudioVersion = 15.0.28307.572
MinimumVisualStudioVersion = 10.0.40219.1
Project("{888888A0-9F3D-457C-B088-3A5042F75D52}") = "PythonApplication100", "PythonApplication100\PythonApplication100.pyproj", "{82E27A85-1EAD-4926-B5F0-2C788B55FC9E}"
EndProject
Global
	GlobalSection(SolutionConfigurationPlatforms) = preSolution
		Debug|Any CPU = Debug|Any CPU
		Release|Any CPU = Release|Any CPU
	EndGlobalSection
	GlobalSection(ProjectConfigurationPlatforms) = postSolution
		{82E27A85-1EAD-4926-B5F0-2C788B55FC9E}.Debug|Any CPU.ActiveCfg = Debug|Any CPU
		{82E27A85-1EAD-4926-B5F0-2C788B55FC9E}.Release|Any CPU.ActiveCfg = Release|Any CPU
	EndGlobalSection
	GlobalSection(SolutionProperties) = preSolution
		HideSolutionNode = FALSE
	EndGlobalSection
	GlobalSection(ExtensibilityGlobals) = postSolution
		SolutionGuid = {4ED2BA39-603B-4318-8841-93E4FBE697FC}
	EndGlobalSection
EndGlobal
