
Microsoft Visual Studio Solution File, Format Version 12.00
# Visual Studio 15
VisualStudioVersion = 15.0.28307.645
MinimumVisualStudioVersion = 10.0.40219.1
Project("{888888A0-9F3D-457C-B088-3A5042F75D52}") = "pandas读取excel文件", "pandas读取excel文件\pandas读取excel文件.pyproj", "{8B2624BA-3605-42D7-870A-B19062999114}"
EndProject
Global
	GlobalSection(SolutionConfigurationPlatforms) = preSolution
		Debug|Any CPU = Debug|Any CPU
		Release|Any CPU = Release|Any CPU
	EndGlobalSection
	GlobalSection(ProjectConfigurationPlatforms) = postSolution
		{8B2624BA-3605-42D7-870A-B19062999114}.Debug|Any CPU.ActiveCfg = Debug|Any CPU
		{8B2624BA-3605-42D7-870A-B19062999114}.Release|Any CPU.ActiveCfg = Release|Any CPU
	EndGlobalSection
	GlobalSection(SolutionProperties) = preSolution
		HideSolutionNode = FALSE
	EndGlobalSection
	GlobalSection(ExtensibilityGlobals) = postSolution
		SolutionGuid = {EF0C7A6A-139C-407F-BE54-DF71BF56FDB6}
	EndGlobalSection
EndGlobal
