
Microsoft Visual Studio Solution File, Format Version 12.00
# Visual Studio 15
VisualStudioVersion = 15.0.28307.271
MinimumVisualStudioVersion = 10.0.40219.1
Project("{888888A0-9F3D-457C-B088-3A5042F75D52}") = "PythonApplication24", "PythonApplication24\PythonApplication24.pyproj", "{1141AA30-92D9-4F76-8517-FAAC29754965}"
EndProject
Global
	GlobalSection(SolutionConfigurationPlatforms) = preSolution
		Debug|Any CPU = Debug|Any CPU
		Release|Any CPU = Release|Any CPU
	EndGlobalSection
	GlobalSection(ProjectConfigurationPlatforms) = postSolution
		{1141AA30-92D9-4F76-8517-FAAC29754965}.Debug|Any CPU.ActiveCfg = Debug|Any CPU
		{1141AA30-92D9-4F76-8517-FAAC29754965}.Release|Any CPU.ActiveCfg = Release|Any CPU
	EndGlobalSection
	GlobalSection(SolutionProperties) = preSolution
		HideSolutionNode = FALSE
	EndGlobalSection
	GlobalSection(ExtensibilityGlobals) = postSolution
		SolutionGuid = {E4D6077D-CCC0-46BA-8D4A-BF875C9B0D17}
	EndGlobalSection
EndGlobal
