
Microsoft Visual Studio Solution File, Format Version 12.00
# Visual Studio 15
VisualStudioVersion = 15.0.28307.572
MinimumVisualStudioVersion = 10.0.40219.1
Project("{8BC9CEB8-8B4A-11D0-8D11-00A0C91BC942}") = "神仙代码", "神仙代码\神仙代码.vcxproj", "{38F747D9-7ECA-4FD9-AF2F-A0C542D6F236}"
EndProject
Global
	GlobalSection(SolutionConfigurationPlatforms) = preSolution
		Debug|x64 = Debug|x64
		Debug|x86 = Debug|x86
		Release|x64 = Release|x64
		Release|x86 = Release|x86
	EndGlobalSection
	GlobalSection(ProjectConfigurationPlatforms) = postSolution
		{38F747D9-7ECA-4FD9-AF2F-A0C542D6F236}.Debug|x64.ActiveCfg = Debug|x64
		{38F747D9-7ECA-4FD9-AF2F-A0C542D6F236}.Debug|x64.Build.0 = Debug|x64
		{38F747D9-7ECA-4FD9-AF2F-A0C542D6F236}.Debug|x86.ActiveCfg = Debug|Win32
		{38F747D9-7ECA-4FD9-AF2F-A0C542D6F236}.Debug|x86.Build.0 = Debug|Win32
		{38F747D9-7ECA-4FD9-AF2F-A0C542D6F236}.Release|x64.ActiveCfg = Release|x64
		{38F747D9-7ECA-4FD9-AF2F-A0C542D6F236}.Release|x64.Build.0 = Release|x64
		{38F747D9-7ECA-4FD9-AF2F-A0C542D6F236}.Release|x86.ActiveCfg = Release|Win32
		{38F747D9-7ECA-4FD9-AF2F-A0C542D6F236}.Release|x86.Build.0 = Release|Win32
	EndGlobalSection
	GlobalSection(SolutionProperties) = preSolution
		HideSolutionNode = FALSE
	EndGlobalSection
	GlobalSection(ExtensibilityGlobals) = postSolution
		SolutionGuid = {8D637CF1-E2A7-4AC3-B917-EE9D4C32EF6F}
	EndGlobalSection
EndGlobal
