
Microsoft Visual Studio Solution File, Format Version 12.00
# Visual Studio 15
VisualStudioVersion = 15.0.28307.489
MinimumVisualStudioVersion = 10.0.40219.1
Project("{888888A0-9F3D-457C-B088-3A5042F75D52}") = "Python file operation -- the third try", "Python file operation -- the third try\Python file operation -- the third try.pyproj", "{449A5F6C-4C88-4FEF-8A24-F79DA20C2F70}"
EndProject
Global
	GlobalSection(SolutionConfigurationPlatforms) = preSolution
		Debug|Any CPU = Debug|Any CPU
		Release|Any CPU = Release|Any CPU
	EndGlobalSection
	GlobalSection(ProjectConfigurationPlatforms) = postSolution
		{449A5F6C-4C88-4FEF-8A24-F79DA20C2F70}.Debug|Any CPU.ActiveCfg = Debug|Any CPU
		{449A5F6C-4C88-4FEF-8A24-F79DA20C2F70}.Release|Any CPU.ActiveCfg = Release|Any CPU
	EndGlobalSection
	GlobalSection(SolutionProperties) = preSolution
		HideSolutionNode = FALSE
	EndGlobalSection
	GlobalSection(ExtensibilityGlobals) = postSolution
		SolutionGuid = {42045F03-39B8-48BA-8267-EA84D6EDCBAD}
	EndGlobalSection
EndGlobal
