
Microsoft Visual Studio Solution File, Format Version 12.00
# Visual Studio 15
VisualStudioVersion = 15.0.28307.329
MinimumVisualStudioVersion = 10.0.40219.1
Project("{888888A0-9F3D-457C-B088-3A5042F75D52}") = "PythonApplication42", "PythonApplication42\PythonApplication42.pyproj", "{0EB964DE-34BD-4246-B5A3-A46A9FA4C0E6}"
EndProject
Global
	GlobalSection(SolutionConfigurationPlatforms) = preSolution
		Debug|Any CPU = Debug|Any CPU
		Release|Any CPU = Release|Any CPU
	EndGlobalSection
	GlobalSection(ProjectConfigurationPlatforms) = postSolution
		{0EB964DE-34BD-4246-B5A3-A46A9FA4C0E6}.Debug|Any CPU.ActiveCfg = Debug|Any CPU
		{0EB964DE-34BD-4246-B5A3-A46A9FA4C0E6}.Release|Any CPU.ActiveCfg = Release|Any CPU
	EndGlobalSection
	GlobalSection(SolutionProperties) = preSolution
		HideSolutionNode = FALSE
	EndGlobalSection
	GlobalSection(ExtensibilityGlobals) = postSolution
		SolutionGuid = {A6B266D0-D0E1-419D-8989-33E128007C00}
	EndGlobalSection
EndGlobal
