
Microsoft Visual Studio Solution File, Format Version 12.00
# Visual Studio 15
VisualStudioVersion = 15.0.28307.539
MinimumVisualStudioVersion = 10.0.40219.1
Project("{888888A0-9F3D-457C-B088-3A5042F75D52}") = "PythonApplication91", "PythonApplication91\PythonApplication91.pyproj", "{9C22DC2A-24EF-4687-8C47-D82D60AAC9EA}"
EndProject
Global
	GlobalSection(SolutionConfigurationPlatforms) = preSolution
		Debug|Any CPU = Debug|Any CPU
		Release|Any CPU = Release|Any CPU
	EndGlobalSection
	GlobalSection(ProjectConfigurationPlatforms) = postSolution
		{9C22DC2A-24EF-4687-8C47-D82D60AAC9EA}.Debug|Any CPU.ActiveCfg = Debug|Any CPU
		{9C22DC2A-24EF-4687-8C47-D82D60AAC9EA}.Release|Any CPU.ActiveCfg = Release|Any CPU
	EndGlobalSection
	GlobalSection(SolutionProperties) = preSolution
		HideSolutionNode = FALSE
	EndGlobalSection
	GlobalSection(ExtensibilityGlobals) = postSolution
		SolutionGuid = {EDC6E9C6-9CC3-4FF4-A1F5-EF7EE85C88CE}
	EndGlobalSection
EndGlobal
