
Microsoft Visual Studio Solution File, Format Version 12.00
# Visual Studio 15
VisualStudioVersion = 15.0.28307.705
MinimumVisualStudioVersion = 10.0.40219.1
Project("{888888A0-9F3D-457C-B088-3A5042F75D52}") = "PythonApplication102", "PythonApplication102\PythonApplication102.pyproj", "{10365A02-F0AB-4BD8-8442-55CDCC8F1A4B}"
EndProject
Global
	GlobalSection(SolutionConfigurationPlatforms) = preSolution
		Debug|Any CPU = Debug|Any CPU
		Release|Any CPU = Release|Any CPU
	EndGlobalSection
	GlobalSection(ProjectConfigurationPlatforms) = postSolution
		{10365A02-F0AB-4BD8-8442-55CDCC8F1A4B}.Debug|Any CPU.ActiveCfg = Debug|Any CPU
		{10365A02-F0AB-4BD8-8442-55CDCC8F1A4B}.Release|Any CPU.ActiveCfg = Release|Any CPU
	EndGlobalSection
	GlobalSection(SolutionProperties) = preSolution
		HideSolutionNode = FALSE
	EndGlobalSection
	GlobalSection(ExtensibilityGlobals) = postSolution
		SolutionGuid = {AFC74777-0C0F-4DCB-96CC-D605D6181A5D}
	EndGlobalSection
EndGlobal
