
Microsoft Visual Studio Solution File, Format Version 12.00
# Visual Studio 15
VisualStudioVersion = 15.0.28307.421
MinimumVisualStudioVersion = 10.0.40219.1
Project("{888888A0-9F3D-457C-B088-3A5042F75D52}") = "PythonApplication74", "PythonApplication74\PythonApplication74.pyproj", "{09E35109-BD05-4EFE-BE2F-BA1AD040578F}"
EndProject
Global
	GlobalSection(SolutionConfigurationPlatforms) = preSolution
		Debug|Any CPU = Debug|Any CPU
		Release|Any CPU = Release|Any CPU
	EndGlobalSection
	GlobalSection(ProjectConfigurationPlatforms) = postSolution
		{09E35109-BD05-4EFE-BE2F-BA1AD040578F}.Debug|Any CPU.ActiveCfg = Debug|Any CPU
		{09E35109-BD05-4EFE-BE2F-BA1AD040578F}.Release|Any CPU.ActiveCfg = Release|Any CPU
	EndGlobalSection
	GlobalSection(SolutionProperties) = preSolution
		HideSolutionNode = FALSE
	EndGlobalSection
	GlobalSection(ExtensibilityGlobals) = postSolution
		SolutionGuid = {2F4E8BBB-0A5A-466E-AFB3-8401BCC7B242}
	EndGlobalSection
EndGlobal
