
Microsoft Visual Studio Solution File, Format Version 12.00
# Visual Studio 15
VisualStudioVersion = 15.0.28307.572
MinimumVisualStudioVersion = 10.0.40219.1
Project("{888888A0-9F3D-457C-B088-3A5042F75D52}") = "PythonApplication92", "PythonApplication92\PythonApplication92.pyproj", "{EEBC9D2F-65D8-416A-8221-C1890043025C}"
EndProject
Global
	GlobalSection(SolutionConfigurationPlatforms) = preSolution
		Debug|Any CPU = Debug|Any CPU
		Release|Any CPU = Release|Any CPU
	EndGlobalSection
	GlobalSection(ProjectConfigurationPlatforms) = postSolution
		{EEBC9D2F-65D8-416A-8221-C1890043025C}.Debug|Any CPU.ActiveCfg = Debug|Any CPU
		{EEBC9D2F-65D8-416A-8221-C1890043025C}.Release|Any CPU.ActiveCfg = Release|Any CPU
	EndGlobalSection
	GlobalSection(SolutionProperties) = preSolution
		HideSolutionNode = FALSE
	EndGlobalSection
	GlobalSection(ExtensibilityGlobals) = postSolution
		SolutionGuid = {F50CEFC0-E80C-401E-9D25-1F8109519AD9}
	EndGlobalSection
EndGlobal
