
Microsoft Visual Studio Solution File, Format Version 12.00
# Visual Studio 15
VisualStudioVersion = 15.0.28307.705
MinimumVisualStudioVersion = 10.0.40219.1
Project("{888888A0-9F3D-457C-B088-3A5042F75D52}") = "Python numpy堆叠数组", "Python numpy堆叠数组\Python numpy堆叠数组.pyproj", "{746690E7-E7BB-4829-A19C-6116CB9EFD58}"
EndProject
Global
	GlobalSection(SolutionConfigurationPlatforms) = preSolution
		Debug|Any CPU = Debug|Any CPU
		Release|Any CPU = Release|Any CPU
	EndGlobalSection
	GlobalSection(ProjectConfigurationPlatforms) = postSolution
		{746690E7-E7BB-4829-A19C-6116CB9EFD58}.Debug|Any CPU.ActiveCfg = Debug|Any CPU
		{746690E7-E7BB-4829-A19C-6116CB9EFD58}.Release|Any CPU.ActiveCfg = Release|Any CPU
	EndGlobalSection
	GlobalSection(SolutionProperties) = preSolution
		HideSolutionNode = FALSE
	EndGlobalSection
	GlobalSection(ExtensibilityGlobals) = postSolution
		SolutionGuid = {5CE5E5B5-441A-4D7C-B46D-A80B06EAEC58}
	EndGlobalSection
EndGlobal
