
Microsoft Visual Studio Solution File, Format Version 12.00
# Visual Studio 15
VisualStudioVersion = 15.0.28307.489
MinimumVisualStudioVersion = 10.0.40219.1
Project("{888888A0-9F3D-457C-B088-3A5042F75D52}") = "python文件操作测试", "python文件操作测试\python文件操作测试.pyproj", "{6A66AA69-7FBC-4DBB-B996-EE8F55541EC8}"
EndProject
Global
	GlobalSection(SolutionConfigurationPlatforms) = preSolution
		Debug|Any CPU = Debug|Any CPU
		Release|Any CPU = Release|Any CPU
	EndGlobalSection
	GlobalSection(ProjectConfigurationPlatforms) = postSolution
		{6A66AA69-7FBC-4DBB-B996-EE8F55541EC8}.Debug|Any CPU.ActiveCfg = Debug|Any CPU
		{6A66AA69-7FBC-4DBB-B996-EE8F55541EC8}.Release|Any CPU.ActiveCfg = Release|Any CPU
	EndGlobalSection
	GlobalSection(SolutionProperties) = preSolution
		HideSolutionNode = FALSE
	EndGlobalSection
	GlobalSection(ExtensibilityGlobals) = postSolution
		SolutionGuid = {C8554C60-2B5B-4308-B77D-DD149ED6C928}
	EndGlobalSection
EndGlobal
