
Microsoft Visual Studio Solution File, Format Version 12.00
# Visual Studio 15
VisualStudioVersion = 15.0.28307.645
MinimumVisualStudioVersion = 10.0.40219.1
Project("{888888A0-9F3D-457C-B088-3A5042F75D52}") = "python处理单个工作表", "python处理单个工作表\python处理单个工作表.pyproj", "{B8365576-C29B-4C44-850D-1BF085A2589B}"
EndProject
Global
	GlobalSection(SolutionConfigurationPlatforms) = preSolution
		Debug|Any CPU = Debug|Any CPU
		Release|Any CPU = Release|Any CPU
	EndGlobalSection
	GlobalSection(ProjectConfigurationPlatforms) = postSolution
		{B8365576-C29B-4C44-850D-1BF085A2589B}.Debug|Any CPU.ActiveCfg = Debug|Any CPU
		{B8365576-C29B-4C44-850D-1BF085A2589B}.Release|Any CPU.ActiveCfg = Release|Any CPU
	EndGlobalSection
	GlobalSection(SolutionProperties) = preSolution
		HideSolutionNode = FALSE
	EndGlobalSection
	GlobalSection(ExtensibilityGlobals) = postSolution
		SolutionGuid = {818E2105-5EFD-41D0-8B5D-D94337EE6C75}
	EndGlobalSection
EndGlobal
