
Microsoft Visual Studio Solution File, Format Version 12.00
# Visual Studio 15
VisualStudioVersion = 15.0.28307.572
MinimumVisualStudioVersion = 10.0.40219.1
Project("{8BC9CEB8-8B4A-11D0-8D11-00A0C91BC942}") = "Project23", "Project23\Project23.vcxproj", "{FF32070D-E9BA-4E46-A9A0-CE5D2155366B}"
EndProject
Global
	GlobalSection(SolutionConfigurationPlatforms) = preSolution
		Debug|x64 = Debug|x64
		Debug|x86 = Debug|x86
		Release|x64 = Release|x64
		Release|x86 = Release|x86
	EndGlobalSection
	GlobalSection(ProjectConfigurationPlatforms) = postSolution
		{FF32070D-E9BA-4E46-A9A0-CE5D2155366B}.Debug|x64.ActiveCfg = Debug|x64
		{FF32070D-E9BA-4E46-A9A0-CE5D2155366B}.Debug|x64.Build.0 = Debug|x64
		{FF32070D-E9BA-4E46-A9A0-CE5D2155366B}.Debug|x86.ActiveCfg = Debug|Win32
		{FF32070D-E9BA-4E46-A9A0-CE5D2155366B}.Debug|x86.Build.0 = Debug|Win32
		{FF32070D-E9BA-4E46-A9A0-CE5D2155366B}.Release|x64.ActiveCfg = Release|x64
		{FF32070D-E9BA-4E46-A9A0-CE5D2155366B}.Release|x64.Build.0 = Release|x64
		{FF32070D-E9BA-4E46-A9A0-CE5D2155366B}.Release|x86.ActiveCfg = Release|Win32
		{FF32070D-E9BA-4E46-A9A0-CE5D2155366B}.Release|x86.Build.0 = Release|Win32
	EndGlobalSection
	GlobalSection(SolutionProperties) = preSolution
		HideSolutionNode = FALSE
	EndGlobalSection
	GlobalSection(ExtensibilityGlobals) = postSolution
		SolutionGuid = {C31B95BF-7FB3-4FC8-B004-00B458CB6F51}
	EndGlobalSection
EndGlobal
