
Microsoft Visual Studio Solution File, Format Version 12.00
# Visual Studio 15
VisualStudioVersion = 15.0.28307.705
MinimumVisualStudioVersion = 10.0.40219.1
Project("{888888A0-9F3D-457C-B088-3A5042F75D52}") = "matplotlib多曲线叠加", "matplotlib多曲线叠加\matplotlib多曲线叠加.pyproj", "{E9D9F660-B775-49DB-8855-C216A97B388E}"
EndProject
Global
	GlobalSection(SolutionConfigurationPlatforms) = preSolution
		Debug|Any CPU = Debug|Any CPU
		Release|Any CPU = Release|Any CPU
	EndGlobalSection
	GlobalSection(ProjectConfigurationPlatforms) = postSolution
		{E9D9F660-B775-49DB-8855-C216A97B388E}.Debug|Any CPU.ActiveCfg = Debug|Any CPU
		{E9D9F660-B775-49DB-8855-C216A97B388E}.Release|Any CPU.ActiveCfg = Release|Any CPU
	EndGlobalSection
	GlobalSection(SolutionProperties) = preSolution
		HideSolutionNode = FALSE
	EndGlobalSection
	GlobalSection(ExtensibilityGlobals) = postSolution
		SolutionGuid = {DA6782F4-85A6-4807-9CCB-9549CCD74C05}
	EndGlobalSection
EndGlobal
