
Microsoft Visual Studio Solution File, Format Version 12.00
# Visual Studio Version 16
VisualStudioVersion = 16.0.29201.188
MinimumVisualStudioVersion = 10.0.40219.1
Project("{8BC9CEB8-8B4A-11D0-8D11-00A0C91BC942}") = "C++", "C++\C++.vcxproj", "{09AD86A8-8BE3-4CAF-9F0D-5CFC6C92813D}"
EndProject
Project("{8BC9CEB8-8B4A-11D0-8D11-00A0C91BC942}") = "让用户输入名字并打招呼", "让用户输入名字并打招呼\让用户输入名字并打招呼.vcxproj", "{0C58CF17-7D4B-4BF7-A002-C30BBDBCD8E2}"
EndProject
Global
	GlobalSection(SolutionConfigurationPlatforms) = preSolution
		Debug|x64 = Debug|x64
		Debug|x86 = Debug|x86
		Release|x64 = Release|x64
		Release|x86 = Release|x86
	EndGlobalSection
	GlobalSection(ProjectConfigurationPlatforms) = postSolution
		{09AD86A8-8BE3-4CAF-9F0D-5CFC6C92813D}.Debug|x64.ActiveCfg = Debug|x64
		{09AD86A8-8BE3-4CAF-9F0D-5CFC6C92813D}.Debug|x64.Build.0 = Debug|x64
		{09AD86A8-8BE3-4CAF-9F0D-5CFC6C92813D}.Debug|x86.ActiveCfg = Debug|Win32
		{09AD86A8-8BE3-4CAF-9F0D-5CFC6C92813D}.Debug|x86.Build.0 = Debug|Win32
		{09AD86A8-8BE3-4CAF-9F0D-5CFC6C92813D}.Release|x64.ActiveCfg = Release|x64
		{09AD86A8-8BE3-4CAF-9F0D-5CFC6C92813D}.Release|x64.Build.0 = Release|x64
		{09AD86A8-8BE3-4CAF-9F0D-5CFC6C92813D}.Release|x86.ActiveCfg = Release|Win32
		{09AD86A8-8BE3-4CAF-9F0D-5CFC6C92813D}.Release|x86.Build.0 = Release|Win32
		{0C58CF17-7D4B-4BF7-A002-C30BBDBCD8E2}.Debug|x64.ActiveCfg = Debug|x64
		{0C58CF17-7D4B-4BF7-A002-C30BBDBCD8E2}.Debug|x64.Build.0 = Debug|x64
		{0C58CF17-7D4B-4BF7-A002-C30BBDBCD8E2}.Debug|x86.ActiveCfg = Debug|Win32
		{0C58CF17-7D4B-4BF7-A002-C30BBDBCD8E2}.Debug|x86.Build.0 = Debug|Win32
		{0C58CF17-7D4B-4BF7-A002-C30BBDBCD8E2}.Release|x64.ActiveCfg = Release|x64
		{0C58CF17-7D4B-4BF7-A002-C30BBDBCD8E2}.Release|x64.Build.0 = Release|x64
		{0C58CF17-7D4B-4BF7-A002-C30BBDBCD8E2}.Release|x86.ActiveCfg = Release|Win32
		{0C58CF17-7D4B-4BF7-A002-C30BBDBCD8E2}.Release|x86.Build.0 = Release|Win32
	EndGlobalSection
	GlobalSection(SolutionProperties) = preSolution
		HideSolutionNode = FALSE
	EndGlobalSection
	GlobalSection(ExtensibilityGlobals) = postSolution
		SolutionGuid = {4A1BC730-80ED-4FBF-B14C-3878F3E797F6}
	EndGlobalSection
EndGlobal
