
Microsoft Visual Studio Solution File, Format Version 12.00
# Visual Studio 15
VisualStudioVersion = 15.0.28307.489
MinimumVisualStudioVersion = 10.0.40219.1
Project("{888888A0-9F3D-457C-B088-3A5042F75D52}") = "Python文件处理测试3", "Python文件处理测试3\Python文件处理测试3.pyproj", "{857804D2-0E70-4CEA-A804-3D4DB30839D1}"
EndProject
Global
	GlobalSection(SolutionConfigurationPlatforms) = preSolution
		Debug|Any CPU = Debug|Any CPU
		Release|Any CPU = Release|Any CPU
	EndGlobalSection
	GlobalSection(ProjectConfigurationPlatforms) = postSolution
		{857804D2-0E70-4CEA-A804-3D4DB30839D1}.Debug|Any CPU.ActiveCfg = Debug|Any CPU
		{857804D2-0E70-4CEA-A804-3D4DB30839D1}.Release|Any CPU.ActiveCfg = Release|Any CPU
	EndGlobalSection
	GlobalSection(SolutionProperties) = preSolution
		HideSolutionNode = FALSE
	EndGlobalSection
	GlobalSection(ExtensibilityGlobals) = postSolution
		SolutionGuid = {B20E7BA8-B739-474C-BC90-60127890E7E9}
	EndGlobalSection
EndGlobal
