
Microsoft Visual Studio Solution File, Format Version 12.00
# Visual Studio 15
VisualStudioVersion = 15.0.28307.329
MinimumVisualStudioVersion = 10.0.40219.1
Project("{888888A0-9F3D-457C-B088-3A5042F75D52}") = "PythonApplication61", "PythonApplication61\PythonApplication61.pyproj", "{9C6A358F-16CA-473A-8BBC-2511D2178DA8}"
EndProject
Global
	GlobalSection(SolutionConfigurationPlatforms) = preSolution
		Debug|Any CPU = Debug|Any CPU
		Release|Any CPU = Release|Any CPU
	EndGlobalSection
	GlobalSection(ProjectConfigurationPlatforms) = postSolution
		{9C6A358F-16CA-473A-8BBC-2511D2178DA8}.Debug|Any CPU.ActiveCfg = Debug|Any CPU
		{9C6A358F-16CA-473A-8BBC-2511D2178DA8}.Release|Any CPU.ActiveCfg = Release|Any CPU
	EndGlobalSection
	GlobalSection(SolutionProperties) = preSolution
		HideSolutionNode = FALSE
	EndGlobalSection
	GlobalSection(ExtensibilityGlobals) = postSolution
		SolutionGuid = {7C1C8F02-0B4D-45B7-956C-30E4144B9AB4}
	EndGlobalSection
EndGlobal
