
Microsoft Visual Studio Solution File, Format Version 12.00
# Visual Studio 15
VisualStudioVersion = 15.0.28307.421
MinimumVisualStudioVersion = 10.0.40219.1
Project("{888888A0-9F3D-457C-B088-3A5042F75D52}") = "PythonApplication70", "PythonApplication70\PythonApplication70.pyproj", "{285D4CFF-B9D0-469D-A31A-8812861D016D}"
EndProject
Global
	GlobalSection(SolutionConfigurationPlatforms) = preSolution
		Debug|Any CPU = Debug|Any CPU
		Release|Any CPU = Release|Any CPU
	EndGlobalSection
	GlobalSection(ProjectConfigurationPlatforms) = postSolution
		{285D4CFF-B9D0-469D-A31A-8812861D016D}.Debug|Any CPU.ActiveCfg = Debug|Any CPU
		{285D4CFF-B9D0-469D-A31A-8812861D016D}.Release|Any CPU.ActiveCfg = Release|Any CPU
	EndGlobalSection
	GlobalSection(SolutionProperties) = preSolution
		HideSolutionNode = FALSE
	EndGlobalSection
	GlobalSection(ExtensibilityGlobals) = postSolution
		SolutionGuid = {421877B2-9F9B-4DA8-B584-9920996C21B2}
	EndGlobalSection
EndGlobal
