
Microsoft Visual Studio Solution File, Format Version 12.00
# Visual Studio 15
VisualStudioVersion = 15.0.28307.489
MinimumVisualStudioVersion = 10.0.40219.1
Project("{888888A0-9F3D-457C-B088-3A5042F75D52}") = "Python file operation -- the second try", "Python file operation -- the second try\Python file operation -- the second try.pyproj", "{E6252879-9046-45B1-BD2F-DCFEA2C1CAB9}"
EndProject
Global
	GlobalSection(SolutionConfigurationPlatforms) = preSolution
		Debug|Any CPU = Debug|Any CPU
		Release|Any CPU = Release|Any CPU
	EndGlobalSection
	GlobalSection(ProjectConfigurationPlatforms) = postSolution
		{E6252879-9046-45B1-BD2F-DCFEA2C1CAB9}.Debug|Any CPU.ActiveCfg = Debug|Any CPU
		{E6252879-9046-45B1-BD2F-DCFEA2C1CAB9}.Release|Any CPU.ActiveCfg = Release|Any CPU
	EndGlobalSection
	GlobalSection(SolutionProperties) = preSolution
		HideSolutionNode = FALSE
	EndGlobalSection
	GlobalSection(ExtensibilityGlobals) = postSolution
		SolutionGuid = {01ABE73E-CB92-4A27-B874-5E36C3819819}
	EndGlobalSection
EndGlobal
