
Microsoft Visual Studio Solution File, Format Version 12.00
# Visual Studio 15
VisualStudioVersion = 15.0.28307.421
MinimumVisualStudioVersion = 10.0.40219.1
Project("{888888A0-9F3D-457C-B088-3A5042F75D52}") = "PythonApplication67", "PythonApplication67\PythonApplication67.pyproj", "{D66274C5-BA93-49B5-8EDE-AE763E3388FC}"
EndProject
Global
	GlobalSection(SolutionConfigurationPlatforms) = preSolution
		Debug|Any CPU = Debug|Any CPU
		Release|Any CPU = Release|Any CPU
	EndGlobalSection
	GlobalSection(ProjectConfigurationPlatforms) = postSolution
		{D66274C5-BA93-49B5-8EDE-AE763E3388FC}.Debug|Any CPU.ActiveCfg = Debug|Any CPU
		{D66274C5-BA93-49B5-8EDE-AE763E3388FC}.Release|Any CPU.ActiveCfg = Release|Any CPU
	EndGlobalSection
	GlobalSection(SolutionProperties) = preSolution
		HideSolutionNode = FALSE
	EndGlobalSection
	GlobalSection(ExtensibilityGlobals) = postSolution
		SolutionGuid = {5AA33B95-D32D-4CB9-B59C-625FF91169B5}
	EndGlobalSection
EndGlobal
