
Microsoft Visual Studio Solution File, Format Version 12.00
# Visual Studio 15
VisualStudioVersion = 15.0.28307.421
MinimumVisualStudioVersion = 10.0.40219.1
Project("{888888A0-9F3D-457C-B088-3A5042F75D52}") = "PythonApplication80", "PythonApplication80\PythonApplication80.pyproj", "{293E177B-07E4-4D71-B058-9537EFFE5191}"
EndProject
Global
	GlobalSection(SolutionConfigurationPlatforms) = preSolution
		Debug|Any CPU = Debug|Any CPU
		Release|Any CPU = Release|Any CPU
	EndGlobalSection
	GlobalSection(ProjectConfigurationPlatforms) = postSolution
		{293E177B-07E4-4D71-B058-9537EFFE5191}.Debug|Any CPU.ActiveCfg = Debug|Any CPU
		{293E177B-07E4-4D71-B058-9537EFFE5191}.Release|Any CPU.ActiveCfg = Release|Any CPU
	EndGlobalSection
	GlobalSection(SolutionProperties) = preSolution
		HideSolutionNode = FALSE
	EndGlobalSection
	GlobalSection(ExtensibilityGlobals) = postSolution
		SolutionGuid = {F87D6481-F961-4FFC-8B88-AC60B6B75740}
	EndGlobalSection
EndGlobal
