
Microsoft Visual Studio Solution File, Format Version 12.00
# Visual Studio 15
VisualStudioVersion = 15.0.28307.757
MinimumVisualStudioVersion = 10.0.40219.1
Project("{888888A0-9F3D-457C-B088-3A5042F75D52}") = "python处理数据", "python处理数据\python处理数据.pyproj", "{F4A4F516-50D8-452C-B4DF-DBB9DB48FFBE}"
EndProject
Global
	GlobalSection(SolutionConfigurationPlatforms) = preSolution
		Debug|Any CPU = Debug|Any CPU
		Release|Any CPU = Release|Any CPU
	EndGlobalSection
	GlobalSection(ProjectConfigurationPlatforms) = postSolution
		{F4A4F516-50D8-452C-B4DF-DBB9DB48FFBE}.Debug|Any CPU.ActiveCfg = Debug|Any CPU
		{F4A4F516-50D8-452C-B4DF-DBB9DB48FFBE}.Release|Any CPU.ActiveCfg = Release|Any CPU
	EndGlobalSection
	GlobalSection(SolutionProperties) = preSolution
		HideSolutionNode = FALSE
	EndGlobalSection
	GlobalSection(ExtensibilityGlobals) = postSolution
		SolutionGuid = {E40F450E-57FF-4D07-9474-5B4D929B3096}
	EndGlobalSection
EndGlobal
