
Microsoft Visual Studio Solution File, Format Version 12.00
# Visual Studio 15
VisualStudioVersion = 15.0.28307.271
MinimumVisualStudioVersion = 10.0.40219.1
Project("{888888A0-9F3D-457C-B088-3A5042F75D52}") = "PythonApplication30", "PythonApplication30\PythonApplication30.pyproj", "{9CEA16B5-A68D-446F-958D-7B7AD39E7EA7}"
EndProject
Global
	GlobalSection(SolutionConfigurationPlatforms) = preSolution
		Debug|Any CPU = Debug|Any CPU
		Release|Any CPU = Release|Any CPU
	EndGlobalSection
	GlobalSection(ProjectConfigurationPlatforms) = postSolution
		{9CEA16B5-A68D-446F-958D-7B7AD39E7EA7}.Debug|Any CPU.ActiveCfg = Debug|Any CPU
		{9CEA16B5-A68D-446F-958D-7B7AD39E7EA7}.Release|Any CPU.ActiveCfg = Release|Any CPU
	EndGlobalSection
	GlobalSection(SolutionProperties) = preSolution
		HideSolutionNode = FALSE
	EndGlobalSection
	GlobalSection(ExtensibilityGlobals) = postSolution
		SolutionGuid = {CF9241DD-7104-409D-A179-DD38355FDB42}
	EndGlobalSection
EndGlobal
