
Microsoft Visual Studio Solution File, Format Version 12.00
# Visual Studio 15
VisualStudioVersion = 15.0.28307.645
MinimumVisualStudioVersion = 10.0.40219.1
Project("{8BC9CEB8-8B4A-11D0-8D11-00A0C91BC942}") = "返回连续位上数字之差绝对值为k的非负整数", "返回连续位上数字之差绝对值为k的非负整数\返回连续位上数字之差绝对值为k的非负整数.vcxproj", "{77E6CD1A-3DAC-49D2-945F-C1880A6BF900}"
EndProject
Global
	GlobalSection(SolutionConfigurationPlatforms) = preSolution
		Debug|x64 = Debug|x64
		Debug|x86 = Debug|x86
		Release|x64 = Release|x64
		Release|x86 = Release|x86
	EndGlobalSection
	GlobalSection(ProjectConfigurationPlatforms) = postSolution
		{77E6CD1A-3DAC-49D2-945F-C1880A6BF900}.Debug|x64.ActiveCfg = Debug|x64
		{77E6CD1A-3DAC-49D2-945F-C1880A6BF900}.Debug|x64.Build.0 = Debug|x64
		{77E6CD1A-3DAC-49D2-945F-C1880A6BF900}.Debug|x86.ActiveCfg = Debug|Win32
		{77E6CD1A-3DAC-49D2-945F-C1880A6BF900}.Debug|x86.Build.0 = Debug|Win32
		{77E6CD1A-3DAC-49D2-945F-C1880A6BF900}.Release|x64.ActiveCfg = Release|x64
		{77E6CD1A-3DAC-49D2-945F-C1880A6BF900}.Release|x64.Build.0 = Release|x64
		{77E6CD1A-3DAC-49D2-945F-C1880A6BF900}.Release|x86.ActiveCfg = Release|Win32
		{77E6CD1A-3DAC-49D2-945F-C1880A6BF900}.Release|x86.Build.0 = Release|Win32
	EndGlobalSection
	GlobalSection(SolutionProperties) = preSolution
		HideSolutionNode = FALSE
	EndGlobalSection
	GlobalSection(ExtensibilityGlobals) = postSolution
		SolutionGuid = {6A04C99E-3510-4880-92F6-BAC6AAF64D90}
	EndGlobalSection
EndGlobal
