
Microsoft Visual Studio Solution File, Format Version 12.00
# Visual Studio 15
VisualStudioVersion = 15.0.28307.329
MinimumVisualStudioVersion = 10.0.40219.1
Project("{888888A0-9F3D-457C-B088-3A5042F75D52}") = "PythonApplication47", "PythonApplication47\PythonApplication47.pyproj", "{CAFC32DF-5FFF-4DFC-85A6-1B63CC576184}"
EndProject
Global
	GlobalSection(SolutionConfigurationPlatforms) = preSolution
		Debug|Any CPU = Debug|Any CPU
		Release|Any CPU = Release|Any CPU
	EndGlobalSection
	GlobalSection(ProjectConfigurationPlatforms) = postSolution
		{CAFC32DF-5FFF-4DFC-85A6-1B63CC576184}.Debug|Any CPU.ActiveCfg = Debug|Any CPU
		{CAFC32DF-5FFF-4DFC-85A6-1B63CC576184}.Release|Any CPU.ActiveCfg = Release|Any CPU
	EndGlobalSection
	GlobalSection(SolutionProperties) = preSolution
		HideSolutionNode = FALSE
	EndGlobalSection
	GlobalSection(ExtensibilityGlobals) = postSolution
		SolutionGuid = {7B9DC13D-20B5-42F6-84F1-C9E22411C151}
	EndGlobalSection
EndGlobal
