
Microsoft Visual Studio Solution File, Format Version 12.00
# Visual Studio 15
VisualStudioVersion = 15.0.28307.329
MinimumVisualStudioVersion = 10.0.40219.1
Project("{888888A0-9F3D-457C-B088-3A5042F75D52}") = "PythonApplication39", "PythonApplication39\PythonApplication39.pyproj", "{5C73BA92-E736-4AD0-841A-4295F6AAA98B}"
EndProject
Global
	GlobalSection(SolutionConfigurationPlatforms) = preSolution
		Debug|Any CPU = Debug|Any CPU
		Release|Any CPU = Release|Any CPU
	EndGlobalSection
	GlobalSection(ProjectConfigurationPlatforms) = postSolution
		{5C73BA92-E736-4AD0-841A-4295F6AAA98B}.Debug|Any CPU.ActiveCfg = Debug|Any CPU
		{5C73BA92-E736-4AD0-841A-4295F6AAA98B}.Release|Any CPU.ActiveCfg = Release|Any CPU
	EndGlobalSection
	GlobalSection(SolutionProperties) = preSolution
		HideSolutionNode = FALSE
	EndGlobalSection
	GlobalSection(ExtensibilityGlobals) = postSolution
		SolutionGuid = {AAC34E62-8288-46D7-8CD5-B46AEF576DCD}
	EndGlobalSection
EndGlobal
