
Microsoft Visual Studio Solution File, Format Version 12.00
# Visual Studio 15
VisualStudioVersion = 15.0.28307.421
MinimumVisualStudioVersion = 10.0.40219.1
Project("{888888A0-9F3D-457C-B088-3A5042F75D52}") = "PythonApplication78", "PythonApplication78\PythonApplication78.pyproj", "{2F48BABA-9553-4E39-9443-73DE0A22FD32}"
EndProject
Global
	GlobalSection(SolutionConfigurationPlatforms) = preSolution
		Debug|Any CPU = Debug|Any CPU
		Release|Any CPU = Release|Any CPU
	EndGlobalSection
	GlobalSection(ProjectConfigurationPlatforms) = postSolution
		{2F48BABA-9553-4E39-9443-73DE0A22FD32}.Debug|Any CPU.ActiveCfg = Debug|Any CPU
		{2F48BABA-9553-4E39-9443-73DE0A22FD32}.Release|Any CPU.ActiveCfg = Release|Any CPU
	EndGlobalSection
	GlobalSection(SolutionProperties) = preSolution
		HideSolutionNode = FALSE
	EndGlobalSection
	GlobalSection(ExtensibilityGlobals) = postSolution
		SolutionGuid = {8022C04F-7245-4EAD-9E21-8319BBD4EBA4}
	EndGlobalSection
EndGlobal
