
Microsoft Visual Studio Solution File, Format Version 12.00
# Visual Studio 15
VisualStudioVersion = 15.0.28307.421
MinimumVisualStudioVersion = 10.0.40219.1
Project("{888888A0-9F3D-457C-B088-3A5042F75D52}") = "PythonApplication84", "PythonApplication84\PythonApplication84.pyproj", "{E00E72C8-F36B-4615-82F8-F340D081E975}"
EndProject
Global
	GlobalSection(SolutionConfigurationPlatforms) = preSolution
		Debug|Any CPU = Debug|Any CPU
		Release|Any CPU = Release|Any CPU
	EndGlobalSection
	GlobalSection(ProjectConfigurationPlatforms) = postSolution
		{E00E72C8-F36B-4615-82F8-F340D081E975}.Debug|Any CPU.ActiveCfg = Debug|Any CPU
		{E00E72C8-F36B-4615-82F8-F340D081E975}.Release|Any CPU.ActiveCfg = Release|Any CPU
	EndGlobalSection
	GlobalSection(SolutionProperties) = preSolution
		HideSolutionNode = FALSE
	EndGlobalSection
	GlobalSection(ExtensibilityGlobals) = postSolution
		SolutionGuid = {33396FCF-9814-46ED-B7C8-DF7BCEBB583A}
	EndGlobalSection
EndGlobal
