
Microsoft Visual Studio Solution File, Format Version 12.00
# Visual Studio 15
VisualStudioVersion = 15.0.28307.421
MinimumVisualStudioVersion = 10.0.40219.1
Project("{888888A0-9F3D-457C-B088-3A5042F75D52}") = "PythonApplication75", "PythonApplication75\PythonApplication75.pyproj", "{D9ABFA13-128B-486A-B8CD-CA8D42151FAC}"
EndProject
Global
	GlobalSection(SolutionConfigurationPlatforms) = preSolution
		Debug|Any CPU = Debug|Any CPU
		Release|Any CPU = Release|Any CPU
	EndGlobalSection
	GlobalSection(ProjectConfigurationPlatforms) = postSolution
		{D9ABFA13-128B-486A-B8CD-CA8D42151FAC}.Debug|Any CPU.ActiveCfg = Debug|Any CPU
		{D9ABFA13-128B-486A-B8CD-CA8D42151FAC}.Release|Any CPU.ActiveCfg = Release|Any CPU
	EndGlobalSection
	GlobalSection(SolutionProperties) = preSolution
		HideSolutionNode = FALSE
	EndGlobalSection
	GlobalSection(ExtensibilityGlobals) = postSolution
		SolutionGuid = {705F557A-4F8D-4DA2-A8C4-60C555F33238}
	EndGlobalSection
EndGlobal
