
Microsoft Visual Studio Solution File, Format Version 12.00
# Visual Studio 15
VisualStudioVersion = 15.0.28307.329
MinimumVisualStudioVersion = 10.0.40219.1
Project("{888888A0-9F3D-457C-B088-3A5042F75D52}") = "PythonApplication54", "PythonApplication54\PythonApplication54.pyproj", "{6F577071-C2E0-4A33-BB5C-3075334FBD49}"
EndProject
Global
	GlobalSection(SolutionConfigurationPlatforms) = preSolution
		Debug|Any CPU = Debug|Any CPU
		Release|Any CPU = Release|Any CPU
	EndGlobalSection
	GlobalSection(ProjectConfigurationPlatforms) = postSolution
		{6F577071-C2E0-4A33-BB5C-3075334FBD49}.Debug|Any CPU.ActiveCfg = Debug|Any CPU
		{6F577071-C2E0-4A33-BB5C-3075334FBD49}.Release|Any CPU.ActiveCfg = Release|Any CPU
	EndGlobalSection
	GlobalSection(SolutionProperties) = preSolution
		HideSolutionNode = FALSE
	EndGlobalSection
	GlobalSection(ExtensibilityGlobals) = postSolution
		SolutionGuid = {022B7A63-F570-4C52-B4DD-FF93A6E16B69}
	EndGlobalSection
EndGlobal
