
Microsoft Visual Studio Solution File, Format Version 12.00
# Visual Studio 15
VisualStudioVersion = 15.0.28307.329
MinimumVisualStudioVersion = 10.0.40219.1
Project("{888888A0-9F3D-457C-B088-3A5042F75D52}") = "PythonApplication41", "PythonApplication41\PythonApplication41.pyproj", "{9AF73470-B964-46A1-A7B3-522546730CD5}"
EndProject
Global
	GlobalSection(SolutionConfigurationPlatforms) = preSolution
		Debug|Any CPU = Debug|Any CPU
		Release|Any CPU = Release|Any CPU
	EndGlobalSection
	GlobalSection(ProjectConfigurationPlatforms) = postSolution
		{9AF73470-B964-46A1-A7B3-522546730CD5}.Debug|Any CPU.ActiveCfg = Debug|Any CPU
		{9AF73470-B964-46A1-A7B3-522546730CD5}.Release|Any CPU.ActiveCfg = Release|Any CPU
	EndGlobalSection
	GlobalSection(SolutionProperties) = preSolution
		HideSolutionNode = FALSE
	EndGlobalSection
	GlobalSection(ExtensibilityGlobals) = postSolution
		SolutionGuid = {99321CAD-A478-4084-8A5A-4A90EA4E26A5}
	EndGlobalSection
EndGlobal
