
Microsoft Visual Studio Solution File, Format Version 12.00
# Visual Studio 15
VisualStudioVersion = 15.0.28307.329
MinimumVisualStudioVersion = 10.0.40219.1
Project("{888888A0-9F3D-457C-B088-3A5042F75D52}") = "PythonApplication37", "PythonApplication37\PythonApplication37.pyproj", "{DF5ACC2F-E28D-4ADA-8F0F-51182AE5F97A}"
EndProject
Global
	GlobalSection(SolutionConfigurationPlatforms) = preSolution
		Debug|Any CPU = Debug|Any CPU
		Release|Any CPU = Release|Any CPU
	EndGlobalSection
	GlobalSection(ProjectConfigurationPlatforms) = postSolution
		{DF5ACC2F-E28D-4ADA-8F0F-51182AE5F97A}.Debug|Any CPU.ActiveCfg = Debug|Any CPU
		{DF5ACC2F-E28D-4ADA-8F0F-51182AE5F97A}.Release|Any CPU.ActiveCfg = Release|Any CPU
	EndGlobalSection
	GlobalSection(SolutionProperties) = preSolution
		HideSolutionNode = FALSE
	EndGlobalSection
	GlobalSection(ExtensibilityGlobals) = postSolution
		SolutionGuid = {E435E5B6-08FF-4DD4-AD45-EC92C488C4B0}
	EndGlobalSection
EndGlobal
