
Microsoft Visual Studio Solution File, Format Version 12.00
# Visual Studio 15
VisualStudioVersion = 15.0.28307.271
MinimumVisualStudioVersion = 10.0.40219.1
Project("{888888A0-9F3D-457C-B088-3A5042F75D52}") = "PythonApplication17", "PythonApplication17\PythonApplication17.pyproj", "{4AF647DB-7BEA-4428-891A-65258889DF5F}"
EndProject
Global
	GlobalSection(SolutionConfigurationPlatforms) = preSolution
		Debug|Any CPU = Debug|Any CPU
		Release|Any CPU = Release|Any CPU
	EndGlobalSection
	GlobalSection(ProjectConfigurationPlatforms) = postSolution
		{4AF647DB-7BEA-4428-891A-65258889DF5F}.Debug|Any CPU.ActiveCfg = Debug|Any CPU
		{4AF647DB-7BEA-4428-891A-65258889DF5F}.Release|Any CPU.ActiveCfg = Release|Any CPU
	EndGlobalSection
	GlobalSection(SolutionProperties) = preSolution
		HideSolutionNode = FALSE
	EndGlobalSection
	GlobalSection(ExtensibilityGlobals) = postSolution
		SolutionGuid = {095AA7D9-D752-4BE8-84D8-0951E2027D78}
	EndGlobalSection
EndGlobal
