
Microsoft Visual Studio Solution File, Format Version 12.00
# Visual Studio 15
VisualStudioVersion = 15.0.28307.329
MinimumVisualStudioVersion = 10.0.40219.1
Project("{888888A0-9F3D-457C-B088-3A5042F75D52}") = "PythonApplication31", "PythonApplication31\PythonApplication31.pyproj", "{B7828154-E417-4948-880B-200EF37C8789}"
EndProject
Global
	GlobalSection(SolutionConfigurationPlatforms) = preSolution
		Debug|Any CPU = Debug|Any CPU
		Release|Any CPU = Release|Any CPU
	EndGlobalSection
	GlobalSection(ProjectConfigurationPlatforms) = postSolution
		{B7828154-E417-4948-880B-200EF37C8789}.Debug|Any CPU.ActiveCfg = Debug|Any CPU
		{B7828154-E417-4948-880B-200EF37C8789}.Release|Any CPU.ActiveCfg = Release|Any CPU
	EndGlobalSection
	GlobalSection(SolutionProperties) = preSolution
		HideSolutionNode = FALSE
	EndGlobalSection
	GlobalSection(ExtensibilityGlobals) = postSolution
		SolutionGuid = {644C5D84-DBF9-47CC-B395-924D5AC1BCBD}
	EndGlobalSection
EndGlobal
